{
  "name": "llama2.ts",
  "version": "1.0.0",
  "lockfileVersion": 3,
  "requires": true,
  "packages": {
    "": {
      "name": "llama2.ts",
      "version": "1.0.0",
      "license": "ISC",
      "devDependencies": {
        "@types/node": "^20.4.10"
      }
    },
    "node_modules/@types/node": {
      "version": "20.4.10",
      "resolved": "http://127.0.0.1:4873/@types/node/-/node-20.4.10.tgz",
      "integrity": "sha512-vwzFiiy8Rn6E0MtA13/Cxxgpan/N6UeNYR9oUu6kuJWxu6zCk98trcDp8CBhbtaeuq9SykCmXkFr2lWLoPcvLg==",
      "dev": true
    }
  }
}
